
Microsoft Visual Studio Solution File, Format Version 12.00
# Visual Studio 15
VisualStudioVersion = 15.0.27130.2027
MinimumVisualStudioVersion = 10.0.40219.1
Project("{8BC9CEB8-8B4A-11D0-8D11-00A0C91BC942}") = "ex007", "ex007.vcxproj", "{3B70D9BE-10E0-4433-9672-B854EE4477D7}"
EndProject
Global
	GlobalSection(SolutionConfigurationPlatforms) = preSolution
		Debug|x64 = Debug|x64
		Debug|x86 = Debug|x86
		Release|x64 = Release|x64
		Release|x86 = Release|x86
	EndGlobalSection
	GlobalSection(ProjectConfigurationPlatforms) = postSolution
		{3B70D9BE-10E0-4433-9672-B854EE4477D7}.Debug|x64.ActiveCfg = Debug|x64
		{3B70D9BE-10E0-4433-9672-B854EE4477D7}.Debug|x64.Build.0 = Debug|x64
		{3B70D9BE-10E0-4433-9672-B854EE4477D7}.Debug|x86.ActiveCfg = Debug|Win32
		{3B70D9BE-10E0-4433-9672-B854EE4477D7}.Debug|x86.Build.0 = Debug|Win32
		{3B70D9BE-10E0-4433-9672-B854EE4477D7}.Release|x64.ActiveCfg = Release|x64
		{3B70D9BE-10E0-4433-9672-B854EE4477D7}.Release|x64.Build.0 = Release|x64
		{3B70D9BE-10E0-4433-9672-B854EE4477D7}.Release|x86.ActiveCfg = Release|Win32
		{3B70D9BE-10E0-4433-9672-B854EE4477D7}.Release|x86.Build.0 = Release|Win32
	EndGlobalSection
	GlobalSection(SolutionProperties) = preSolution
		HideSolutionNode = FALSE
	EndGlobalSection
	GlobalSection(ExtensibilityGlobals) = postSolution
		SolutionGuid = {4BF811D2-7750-48DB-9FF3-B65131428E23}
	EndGlobalSection
EndGlobal
